
Microsoft Visual Studio Solution File, Format Version 12.00
# Visual Studio Version 17
VisualStudioVersion = 17.9.34701.34
MinimumVisualStudioVersion = 10.0.40219.1
Project("{2150E333-8FDC-42A3-9474-1A3956D46DE8}") = "Product", "Product", "{78E5E60C-CDE1-43AC-B7D4-A5773F18263F}"
EndProject
Project("{2150E333-8FDC-42A3-9474-1A3956D46DE8}") = "User", "User", "{B223B270-C356-4930-B3CA-3219EACBCB26}"
EndProject
Project("{2150E333-8FDC-42A3-9474-1A3956D46DE8}") = "Cart", "Cart", "{AD351ECA-E6F7-42FD-9C69-20629E4AA12E}"
EndProject
Project("{FAE04EC0-301F-11D3-BF4B-00C04F79EFBC}") = "Clothify.Product.Domain", "Clothify.Product.Domain\Clothify.Product.Domain.csproj", "{A92D663C-CC2A-4090-9FAC-ECB1ED9F31A6}"
EndProject
Project("{FAE04EC0-301F-11D3-BF4B-00C04F79EFBC}") = "Clothify.Product.Application", "Clothify.Product.Application\Clothify.Product.Application.csproj", "{0F57A65E-67C2-43FC-B45C-66FF5BF7F412}"
EndProject
Project("{FAE04EC0-301F-11D3-BF4B-00C04F79EFBC}") = "Clothify.Product.Infrastructure", "Clothify.Product.Infrastructure\Clothify.Product.Infrastructure.csproj", "{63A04159-7C53-4C9A-87DB-905096058C19}"
EndProject
Project("{9A19103F-16F7-4668-BE54-9A1E7A4F7556}") = "Clothify.Product.API", "Clothify.Product.API\Clothify.Product.API.csproj", "{2690F2DE-8C5B-47F5-8CAC-35B3491804A9}"
EndProject
Project("{FAE04EC0-301F-11D3-BF4B-00C04F79EFBC}") = "Clothify.User.Domain", "Clothify.User.Domain\Clothify.User.Domain.csproj", "{377ED9F2-8DB0-453D-978A-56D205E07E3E}"
EndProject
Project("{FAE04EC0-301F-11D3-BF4B-00C04F79EFBC}") = "Clothify.User.Application", "Clothify.User.Application\Clothify.User.Application.csproj", "{5D1992D1-2949-4B5E-AFF8-A470559E4F7A}"
EndProject
Project("{FAE04EC0-301F-11D3-BF4B-00C04F79EFBC}") = "Clothify.User.Infrastructure", "Clothify.User.Infrastructure\Clothify.User.Infrastructure.csproj", "{B724822A-6403-424D-AC80-F49642EB45C2}"
EndProject
Project("{9A19103F-16F7-4668-BE54-9A1E7A4F7556}") = "Clothify.User.API", "Clothify.User.API\Clothify.User.API.csproj", "{92C9B3CA-97E7-411E-B405-CAC8B6C687E2}"
EndProject
Project("{2150E333-8FDC-42A3-9474-1A3956D46DE8}") = "Order", "Order", "{F4C58504-4BB3-40F0-8CDB-6C45508E4582}"
EndProject
Project("{FAE04EC0-301F-11D3-BF4B-00C04F79EFBC}") = "Clothify.Order.Domain", "Clothify.Order.Domain\Clothify.Order.Domain.csproj", "{0F5042B9-C72D-46AC-84FF-BF48FD06DFB0}"
EndProject
Project("{FAE04EC0-301F-11D3-BF4B-00C04F79EFBC}") = "Clothify.Order.Application", "Clothify.Order.Application\Clothify.Order.Application.csproj", "{E7E07FE5-380A-4FD9-AE43-69C32265D9FA}"
EndProject
Project("{FAE04EC0-301F-11D3-BF4B-00C04F79EFBC}") = "Clothify.Order.Infrastructure", "Clothify.Order.Infrastructure\Clothify.Order.Infrastructure.csproj", "{3526C34A-44F5-47C0-86BC-13D4F827221A}"
EndProject
Project("{9A19103F-16F7-4668-BE54-9A1E7A4F7556}") = "Clothify.Order.API", "Clothify.Order.API\Clothify.Order.API.csproj", "{02B79A43-A409-43D1-9552-CE5F61AD575B}"
EndProject
Project("{FAE04EC0-301F-11D3-BF4B-00C04F79EFBC}") = "Clothify.Cart.Domain", "Clothify.Cart.Domain\Clothify.Cart.Domain.csproj", "{8D00147F-F6FB-412E-BCAD-21DBE7742CE6}"
EndProject
Project("{FAE04EC0-301F-11D3-BF4B-00C04F79EFBC}") = "Clothify.Cart.Application", "Clothify.Cart.Application\Clothify.Cart.Application.csproj", "{9262337F-C57B-4162-910E-331F45EC8F89}"
EndProject
Project("{FAE04EC0-301F-11D3-BF4B-00C04F79EFBC}") = "Clothify.Cart.Infrastructure", "Clothify.Cart.Infrastructure\Clothify.Cart.Infrastructure.csproj", "{20EC529F-5129-4B9F-9970-4494F3A1B243}"
EndProject
Project("{FAE04EC0-301F-11D3-BF4B-00C04F79EFBC}") = "Clothify.Cart.API", "Clothify.Cart.API\Clothify.Cart.API.csproj", "{87F13520-79CF-4B68-969F-2DDF38847410}"
EndProject
Global
	GlobalSection(SolutionConfigurationPlatforms) = preSolution
		Debug|Any CPU = Debug|Any CPU
		Release|Any CPU = Release|Any CPU
	EndGlobalSection
	GlobalSection(ProjectConfigurationPlatforms) = postSolution
		{A92D663C-CC2A-4090-9FAC-ECB1ED9F31A6}.Debug|Any CPU.ActiveCfg = Debug|Any CPU
		{A92D663C-CC2A-4090-9FAC-ECB1ED9F31A6}.Debug|Any CPU.Build.0 = Debug|Any CPU
		{A92D663C-CC2A-4090-9FAC-ECB1ED9F31A6}.Release|Any CPU.ActiveCfg = Release|Any CPU
		{A92D663C-CC2A-4090-9FAC-ECB1ED9F31A6}.Release|Any CPU.Build.0 = Release|Any CPU
		{0F57A65E-67C2-43FC-B45C-66FF5BF7F412}.Debug|Any CPU.ActiveCfg = Debug|Any CPU
		{0F57A65E-67C2-43FC-B45C-66FF5BF7F412}.Debug|Any CPU.Build.0 = Debug|Any CPU
		{0F57A65E-67C2-43FC-B45C-66FF5BF7F412}.Release|Any CPU.ActiveCfg = Release|Any CPU
		{0F57A65E-67C2-43FC-B45C-66FF5BF7F412}.Release|Any CPU.Build.0 = Release|Any CPU
		{63A04159-7C53-4C9A-87DB-905096058C19}.Debug|Any CPU.ActiveCfg = Debug|Any CPU
		{63A04159-7C53-4C9A-87DB-905096058C19}.Debug|Any CPU.Build.0 = Debug|Any CPU
		{63A04159-7C53-4C9A-87DB-905096058C19}.Release|Any CPU.ActiveCfg = Release|Any CPU
		{63A04159-7C53-4C9A-87DB-905096058C19}.Release|Any CPU.Build.0 = Release|Any CPU
		{2690F2DE-8C5B-47F5-8CAC-35B3491804A9}.Debug|Any CPU.ActiveCfg = Debug|Any CPU
		{2690F2DE-8C5B-47F5-8CAC-35B3491804A9}.Debug|Any CPU.Build.0 = Debug|Any CPU
		{2690F2DE-8C5B-47F5-8CAC-35B3491804A9}.Release|Any CPU.ActiveCfg = Release|Any CPU
		{2690F2DE-8C5B-47F5-8CAC-35B3491804A9}.Release|Any CPU.Build.0 = Release|Any CPU
		{377ED9F2-8DB0-453D-978A-56D205E07E3E}.Debug|Any CPU.ActiveCfg = Debug|Any CPU
		{377ED9F2-8DB0-453D-978A-56D205E07E3E}.Debug|Any CPU.Build.0 = Debug|Any CPU
		{377ED9F2-8DB0-453D-978A-56D205E07E3E}.Release|Any CPU.ActiveCfg = Release|Any CPU
		{377ED9F2-8DB0-453D-978A-56D205E07E3E}.Release|Any CPU.Build.0 = Release|Any CPU
		{5D1992D1-2949-4B5E-AFF8-A470559E4F7A}.Debug|Any CPU.ActiveCfg = Debug|Any CPU
		{5D1992D1-2949-4B5E-AFF8-A470559E4F7A}.Debug|Any CPU.Build.0 = Debug|Any CPU
		{5D1992D1-2949-4B5E-AFF8-A470559E4F7A}.Release|Any CPU.ActiveCfg = Release|Any CPU
		{5D1992D1-2949-4B5E-AFF8-A470559E4F7A}.Release|Any CPU.Build.0 = Release|Any CPU
		{B724822A-6403-424D-AC80-F49642EB45C2}.Debug|Any CPU.ActiveCfg = Debug|Any CPU
		{B724822A-6403-424D-AC80-F49642EB45C2}.Debug|Any CPU.Build.0 = Debug|Any CPU
		{B724822A-6403-424D-AC80-F49642EB45C2}.Release|Any CPU.ActiveCfg = Release|Any CPU
		{B724822A-6403-424D-AC80-F49642EB45C2}.Release|Any CPU.Build.0 = Release|Any CPU
		{92C9B3CA-97E7-411E-B405-CAC8B6C687E2}.Debug|Any CPU.ActiveCfg = Debug|Any CPU
		{92C9B3CA-97E7-411E-B405-CAC8B6C687E2}.Debug|Any CPU.Build.0 = Debug|Any CPU
		{92C9B3CA-97E7-411E-B405-CAC8B6C687E2}.Release|Any CPU.ActiveCfg = Release|Any CPU
		{92C9B3CA-97E7-411E-B405-CAC8B6C687E2}.Release|Any CPU.Build.0 = Release|Any CPU
		{0F5042B9-C72D-46AC-84FF-BF48FD06DFB0}.Debug|Any CPU.ActiveCfg = Debug|Any CPU
		{0F5042B9-C72D-46AC-84FF-BF48FD06DFB0}.Debug|Any CPU.Build.0 = Debug|Any CPU
		{0F5042B9-C72D-46AC-84FF-BF48FD06DFB0}.Release|Any CPU.ActiveCfg = Release|Any CPU
		{0F5042B9-C72D-46AC-84FF-BF48FD06DFB0}.Release|Any CPU.Build.0 = Release|Any CPU
		{E7E07FE5-380A-4FD9-AE43-69C32265D9FA}.Debug|Any CPU.ActiveCfg = Debug|Any CPU
		{E7E07FE5-380A-4FD9-AE43-69C32265D9FA}.Debug|Any CPU.Build.0 = Debug|Any CPU
		{E7E07FE5-380A-4FD9-AE43-69C32265D9FA}.Release|Any CPU.ActiveCfg = Release|Any CPU
		{E7E07FE5-380A-4FD9-AE43-69C32265D9FA}.Release|Any CPU.Build.0 = Release|Any CPU
		{3526C34A-44F5-47C0-86BC-13D4F827221A}.Debug|Any CPU.ActiveCfg = Debug|Any CPU
		{3526C34A-44F5-47C0-86BC-13D4F827221A}.Debug|Any CPU.Build.0 = Debug|Any CPU
		{3526C34A-44F5-47C0-86BC-13D4F827221A}.Release|Any CPU.ActiveCfg = Release|Any CPU
		{3526C34A-44F5-47C0-86BC-13D4F827221A}.Release|Any CPU.Build.0 = Release|Any CPU
		{02B79A43-A409-43D1-9552-CE5F61AD575B}.Debug|Any CPU.ActiveCfg = Debug|Any CPU
		{02B79A43-A409-43D1-9552-CE5F61AD575B}.Debug|Any CPU.Build.0 = Debug|Any CPU
		{02B79A43-A409-43D1-9552-CE5F61AD575B}.Release|Any CPU.ActiveCfg = Release|Any CPU
		{02B79A43-A409-43D1-9552-CE5F61AD575B}.Release|Any CPU.Build.0 = Release|Any CPU
		{8D00147F-F6FB-412E-BCAD-21DBE7742CE6}.Debug|Any CPU.ActiveCfg = Debug|Any CPU
		{8D00147F-F6FB-412E-BCAD-21DBE7742CE6}.Debug|Any CPU.Build.0 = Debug|Any CPU
		{8D00147F-F6FB-412E-BCAD-21DBE7742CE6}.Release|Any CPU.ActiveCfg = Release|Any CPU
		{8D00147F-F6FB-412E-BCAD-21DBE7742CE6}.Release|Any CPU.Build.0 = Release|Any CPU
		{9262337F-C57B-4162-910E-331F45EC8F89}.Debug|Any CPU.ActiveCfg = Debug|Any CPU
		{9262337F-C57B-4162-910E-331F45EC8F89}.Debug|Any CPU.Build.0 = Debug|Any CPU
		{9262337F-C57B-4162-910E-331F45EC8F89}.Release|Any CPU.ActiveCfg = Release|Any CPU
		{9262337F-C57B-4162-910E-331F45EC8F89}.Release|Any CPU.Build.0 = Release|Any CPU
		{20EC529F-5129-4B9F-9970-4494F3A1B243}.Debug|Any CPU.ActiveCfg = Debug|Any CPU
		{20EC529F-5129-4B9F-9970-4494F3A1B243}.Debug|Any CPU.Build.0 = Debug|Any CPU
		{20EC529F-5129-4B9F-9970-4494F3A1B243}.Release|Any CPU.ActiveCfg = Release|Any CPU
		{20EC529F-5129-4B9F-9970-4494F3A1B243}.Release|Any CPU.Build.0 = Release|Any CPU
		{87F13520-79CF-4B68-969F-2DDF38847410}.Debug|Any CPU.ActiveCfg = Debug|Any CPU
		{87F13520-79CF-4B68-969F-2DDF38847410}.Debug|Any CPU.Build.0 = Debug|Any CPU
		{87F13520-79CF-4B68-969F-2DDF38847410}.Release|Any CPU.ActiveCfg = Release|Any CPU
		{87F13520-79CF-4B68-969F-2DDF38847410}.Release|Any CPU.Build.0 = Release|Any CPU
	EndGlobalSection
	GlobalSection(SolutionProperties) = preSolution
		HideSolutionNode = FALSE
	EndGlobalSection
	GlobalSection(NestedProjects) = preSolution
		{A92D663C-CC2A-4090-9FAC-ECB1ED9F31A6} = {78E5E60C-CDE1-43AC-B7D4-A5773F18263F}
		{0F57A65E-67C2-43FC-B45C-66FF5BF7F412} = {78E5E60C-CDE1-43AC-B7D4-A5773F18263F}
		{63A04159-7C53-4C9A-87DB-905096058C19} = {78E5E60C-CDE1-43AC-B7D4-A5773F18263F}
		{2690F2DE-8C5B-47F5-8CAC-35B3491804A9} = {78E5E60C-CDE1-43AC-B7D4-A5773F18263F}
		{377ED9F2-8DB0-453D-978A-56D205E07E3E} = {B223B270-C356-4930-B3CA-3219EACBCB26}
		{5D1992D1-2949-4B5E-AFF8-A470559E4F7A} = {B223B270-C356-4930-B3CA-3219EACBCB26}
		{B724822A-6403-424D-AC80-F49642EB45C2} = {B223B270-C356-4930-B3CA-3219EACBCB26}
		{92C9B3CA-97E7-411E-B405-CAC8B6C687E2} = {B223B270-C356-4930-B3CA-3219EACBCB26}
		{0F5042B9-C72D-46AC-84FF-BF48FD06DFB0} = {F4C58504-4BB3-40F0-8CDB-6C45508E4582}
		{E7E07FE5-380A-4FD9-AE43-69C32265D9FA} = {F4C58504-4BB3-40F0-8CDB-6C45508E4582}
		{3526C34A-44F5-47C0-86BC-13D4F827221A} = {F4C58504-4BB3-40F0-8CDB-6C45508E4582}
		{02B79A43-A409-43D1-9552-CE5F61AD575B} = {F4C58504-4BB3-40F0-8CDB-6C45508E4582}
		{8D00147F-F6FB-412E-BCAD-21DBE7742CE6} = {AD351ECA-E6F7-42FD-9C69-20629E4AA12E}
		{9262337F-C57B-4162-910E-331F45EC8F89} = {AD351ECA-E6F7-42FD-9C69-20629E4AA12E}
		{20EC529F-5129-4B9F-9970-4494F3A1B243} = {AD351ECA-E6F7-42FD-9C69-20629E4AA12E}
		{87F13520-79CF-4B68-969F-2DDF38847410} = {AD351ECA-E6F7-42FD-9C69-20629E4AA12E}
	EndGlobalSection
	GlobalSection(ExtensibilityGlobals) = postSolution
		SolutionGuid = {3E1D51CE-C3EE-4F22-BCD4-4B96ED8F092B}
	EndGlobalSection
EndGlobal
